github.com/repeter513/shop-proto v0.1.6 h1:bClDkNc0JU8/srXwEgWXRLLnY+tbkXt4AvIG9KMOJtI=
github.com/repeter513/shop-proto v0.1.6/go.mod h1:wz9WH1zNdBz5rA+3Iu3pUJ5KziZo8YvSZIaf2ZNSFEI=
github.com/repeter513/shop-proto v0.1.7 h1:e/liqYdeNhNOmmunufJlL6pH9CpREO67LAMilIKOILE=
github.com/repeter513/shop-proto v0.1.7/go.mod h1:wz9WH1zNdBz5rA+3Iu3pUJ5KziZo8YvSZIaf2ZNSFEI=
github.com/repeter513/shop-proto v0.1.8 h1:4gnrvgsQH5ILv0muQT+xw1StGcYSZlYSPQ7uZo4GUqo=
github.com/repeter513/shop-proto v0.1.8/go.mod h1:CyaZykSyfTfG8WsTjhD9QoTSmsrTNt1CrkWhu5k/Cy4=
